
Microsoft Visual Studio Solution File, Format Version 12.00
# Visual Studio Version 17
VisualStudioVersion = 17.4.33205.214
MinimumVisualStudioVersion = 10.0.40219.1
Project("{8BC9CEB8-8B4A-11D0-8D11-00A0C91BC942}") = "IntroductionToOOP", "IntroductionToOOP\IntroductionToOOP.vcxproj", "{738DCD36-B9F7-46C1-A928-709943D8C09D}"
EndProject
Project("{8BC9CEB8-8B4A-11D0-8D11-00A0C91BC942}") = "Fraction", "Fraction\Fraction.vcxproj", "{A23B3024-31F4-4171-9D2A-358245769786}"
EndProject
Project("{8BC9CEB8-8B4A-11D0-8D11-00A0C91BC942}") = "String", "String\String.vcxproj", "{844D3CF1-50A0-4407-836B-F93263560C16}"
EndProject
Global
	GlobalSection(SolutionConfigurationPlatforms) = preSolution
		Debug|x64 = Debug|x64
		Debug|x86 = Debug|x86
		Release|x64 = Release|x64
		Release|x86 = Release|x86
	EndGlobalSection
	GlobalSection(ProjectConfigurationPlatforms) = postSolution
		{738DCD36-B9F7-46C1-A928-709943D8C09D}.Debug|x64.ActiveCfg = Debug|x64
		{738DCD36-B9F7-46C1-A928-709943D8C09D}.Debug|x64.Build.0 = Debug|x64
		{738DCD36-B9F7-46C1-A928-709943D8C09D}.Debug|x86.ActiveCfg = Debug|Win32
		{738DCD36-B9F7-46C1-A928-709943D8C09D}.Debug|x86.Build.0 = Debug|Win32
		{738DCD36-B9F7-46C1-A928-709943D8C09D}.Release|x64.ActiveCfg = Release|x64
		{738DCD36-B9F7-46C1-A928-709943D8C09D}.Release|x64.Build.0 = Release|x64
		{738DCD36-B9F7-46C1-A928-709943D8C09D}.Release|x86.ActiveCfg = Release|Win32
		{738DCD36-B9F7-46C1-A928-709943D8C09D}.Release|x86.Build.0 = Release|Win32
		{A23B3024-31F4-4171-9D2A-358245769786}.Debug|x64.ActiveCfg = Debug|x64
		{A23B3024-31F4-4171-9D2A-358245769786}.Debug|x64.Build.0 = Debug|x64
		{A23B3024-31F4-4171-9D2A-358245769786}.Debug|x86.ActiveCfg = Debug|Win32
		{A23B3024-31F4-4171-9D2A-358245769786}.Debug|x86.Build.0 = Debug|Win32
		{A23B3024-31F4-4171-9D2A-358245769786}.Release|x64.ActiveCfg = Release|x64
		{A23B3024-31F4-4171-9D2A-358245769786}.Release|x64.Build.0 = Release|x64
		{A23B3024-31F4-4171-9D2A-358245769786}.Release|x86.ActiveCfg = Release|Win32
		{A23B3024-31F4-4171-9D2A-358245769786}.Release|x86.Build.0 = Release|Win32
		{844D3CF1-50A0-4407-836B-F93263560C16}.Debug|x64.ActiveCfg = Debug|x64
		{844D3CF1-50A0-4407-836B-F93263560C16}.Debug|x64.Build.0 = Debug|x64
		{844D3CF1-50A0-4407-836B-F93263560C16}.Debug|x86.ActiveCfg = Debug|Win32
		{844D3CF1-50A0-4407-836B-F93263560C16}.Debug|x86.Build.0 = Debug|Win32
		{844D3CF1-50A0-4407-836B-F93263560C16}.Release|x64.ActiveCfg = Release|x64
		{844D3CF1-50A0-4407-836B-F93263560C16}.Release|x64.Build.0 = Release|x64
		{844D3CF1-50A0-4407-836B-F93263560C16}.Release|x86.ActiveCfg = Release|Win32
		{844D3CF1-50A0-4407-836B-F93263560C16}.Release|x86.Build.0 = Release|Win32
	EndGlobalSection
	GlobalSection(SolutionProperties) = preSolution
		HideSolutionNode = FALSE
	EndGlobalSection
	GlobalSection(ExtensibilityGlobals) = postSolution
		SolutionGuid = {E8866F19-4A74-47AB-A52D-DE5738E89D8B}
	EndGlobalSection
EndGlobal
